<?xml version="1.0" encoding="utf-8"?>
<Project ToolsVersion="4.0" xmlns="http://schemas.microsoft.com/developer/msbuild/2003">
  <ItemGroup>
    <Filter Include="Source Files">
      <UniqueIdentifier>{4FC737F1-C7A5-4376-A066-2A32D752A2FF}</UniqueIdentifier>
      <Extensions>cpp;c;cc;cxx;def;odl;idl;hpj;bat;asm;asmx</Extensions>
    </Filter>
    <Filter Include="Header Files">
      <UniqueIdentifier>{93995380-89BD-4b04-88EB-625FBE52EBFB}</UniqueIdentifier>
      <Extensions>h;hpp;hxx;hm;inl;inc;xsd</Extensions>
    </Filter>
    <Filter Include="Resource Files">
      <UniqueIdentifier>{67DA6AB6-F800-4c08-8B7A-83BB121AAD01}</UniqueIdentifier>
      <Extensions>rc;ico;cur;bmp;dlg;rc2;rct;bin;rgs;gif;jpg;jpeg;jpe;resx;tiff;tif;png;wav;mfcribbon-ms</Extensions>
    </Filter>
  </ItemGroup>
  <ItemGroup>
    <ClInclude Include="jni\src\glos.h">
      <Filter>Header Files</Filter>
    </ClInclude>
    <ClInclude Include="jni\src\mesh.h">
      <Filter>Header Files</Filter>
    </ClInclude>
    <ClInclude Include="jni\src\pi.h">
      <Filter>Header Files</Filter>
    </ClInclude>
    <ClInclude Include="jni\src\primitive.h">
      <Filter>Header Files</Filter>
    </ClInclude>
    <ClInclude Include="jni\src\arctunnelprimitive.h">
      <Filter>Header Files</Filter>
    </ClInclude>
    <ClInclude Include="jni\src\tunnelprimitive.h">
      <Filter>Header Files</Filter>
    </ClInclude>
    <ClInclude Include="jni\src\windmillprimitive.h">
      <Filter>Header Files</Filter>
    </ClInclude>
    <ClInclude Include="jni\src\world.h">
      <Filter>Header Files</Filter>
    </ClInclude>
    <ClInclude Include="jni\src\arcprimitive.h">
      <Filter>Header Files</Filter>
    </ClInclude>
    <ClInclude Include="jni\src\boxprimitive.h">
      <Filter>Header Files</Filter>
    </ClInclude>
    <ClInclude Include="jni\src\roofprimitive.h">
      <Filter>Header Files</Filter>
    </ClInclude>
    <ClInclude Include="jni\src\diskprimitive.h">
      <Filter>Header Files</Filter>
    </ClInclude>
    <ClInclude Include="jni\src\cylinderprimitive.h">
      <Filter>Header Files</Filter>
    </ClInclude>
    <ClInclude Include="jni\src\app.h">
      <Filter>Header Files</Filter>
    </ClInclude>
    <ClInclude Include="jni\src\node.h">
      <Filter>Header Files</Filter>
    </ClInclude>
    <ClInclude Include="jni\src\c++14.h">
      <Filter>Header Files</Filter>
    </ClInclude>
    <ClInclude Include="jni\src\sailprimitive.h">
      <Filter>Header Files</Filter>
    </ClInclude>
  </ItemGroup>
  <ItemGroup>
    <ClCompile Include="jni\src\glos_win.cpp">
      <Filter>Source Files</Filter>
    </ClCompile>
    <ClCompile Include="jni\src\mesh.cpp">
      <Filter>Source Files</Filter>
    </ClCompile>
    <ClCompile Include="jni\src\townsdl.cpp">
      <Filter>Source Files</Filter>
    </ClCompile>
    <ClCompile Include="jni\src\primitive.cpp">
      <Filter>Source Files</Filter>
    </ClCompile>
    <ClCompile Include="jni\src\arctunnelprimitive.cpp">
      <Filter>Source Files</Filter>
    </ClCompile>
    <ClCompile Include="jni\src\tunnelprimitive.cpp">
      <Filter>Source Files</Filter>
    </ClCompile>
    <ClCompile Include="jni\src\windmillprimitive.cpp">
      <Filter>Source Files</Filter>
    </ClCompile>
    <ClCompile Include="jni\src\world.cpp">
      <Filter>Source Files</Filter>
    </ClCompile>
    <ClCompile Include="jni\src\arcprimitive.cpp">
      <Filter>Source Files</Filter>
    </ClCompile>
    <ClCompile Include="jni\src\boxprimitive.cpp">
      <Filter>Source Files</Filter>
    </ClCompile>
    <ClCompile Include="jni\src\roofprimitive.cpp">
      <Filter>Source Files</Filter>
    </ClCompile>
    <ClCompile Include="jni\src\diskprimitive.cpp">
      <Filter>Source Files</Filter>
    </ClCompile>
    <ClCompile Include="jni\src\cylinderprimitive.cpp">
      <Filter>Source Files</Filter>
    </ClCompile>
    <ClCompile Include="jni\src\app.cpp">
      <Filter>Source Files</Filter>
    </ClCompile>
    <ClCompile Include="jni\src\sailprimitive.cpp">
      <Filter>Source Files</Filter>
    </ClCompile>
  </ItemGroup>
</Project>